{
  "nodes": {
    "nixpkgs": {
      "locked": {
        "lastModified": 1684858140,
        "narHash": "sha256-dQStox5GYrVlVNMvxxXs3xX9bXG7J7ttSjqUcVm8EaA=",
        "owner": "NixOS",
        "repo": "nixpkgs",
        "rev": "a17f99dfcb9643200b3884ca195c69ae41d7f059",
        "type": "github"
      },
      "original": {
        "id": "nixpkgs",
        "ref": "nixos-22.11",
        "type": "indirect"
      }
    },
    "root": {
      "inputs": {
        "nixpkgs": "nixpkgs"
      }
    }
  },
  "root": "root",
  "version": 7
}
